
Microsoft Visual Studio Solution File, Format Version 12.00
# Visual Studio 15
VisualStudioVersion = 15.0.28307.271
MinimumVisualStudioVersion = 10.0.40219.1
Project("{FAE04EC0-301F-11D3-BF4B-00C04F79EFBC}") = "GenericSuggestBoxDemo", "Demos\SuggestBoxDemo\GenericSuggestBoxDemo.csproj", "{4F7C1E4D-48DA-4B48-A206-7E880BBE39D0}"
EndProject
Project("{FAE04EC0-301F-11D3-BF4B-00C04F79EFBC}") = "ThemedSuggestBoxDemo", "Demos\ThemedSuggestBoxDemo\ThemedSuggestBoxDemo.csproj", "{6D9EE64D-07A4-4C8A-B5F0-0D59DD525A52}"
EndProject
Project("{FAE04EC0-301F-11D3-BF4B-00C04F79EFBC}") = "SuggestBoxLib", "SuggestBoxLib\SuggestBoxLib.csproj", "{78BF82DC-38FD-41DC-A8CE-45C79F628103}"
EndProject
Project("{2150E333-8FDC-42A3-9474-1A3956D46DE8}") = "Components", "Components", "{61C5D264-27A1-4B38-8B2B-C10B29CA69D9}"
EndProject
Project("{FAE04EC0-301F-11D3-BF4B-00C04F79EFBC}") = "ServiceLocator", "Components\ServiceLocator\ServiceLocator.csproj", "{252126D1-E1D9-49C3-910B-FCF2266265EF}"
EndProject
Project("{2150E333-8FDC-42A3-9474-1A3956D46DE8}") = "Settings", "Settings", "{E3145A5C-462B-4503-8554-89F7E6DD1457}"
EndProject
Project("{FAE04EC0-301F-11D3-BF4B-00C04F79EFBC}") = "Settings", "Components\Settings\Settings\Settings.csproj", "{2807B493-CC2E-402E-901A-EB138698FEDC}"
EndProject
Project("{FAE04EC0-301F-11D3-BF4B-00C04F79EFBC}") = "SettingsModel", "Components\Settings\SettingsModel\SettingsModel.csproj", "{9B0BA841-5A2F-4ED3-A908-253DBCA70E77}"
EndProject
Project("{2150E333-8FDC-42A3-9474-1A3956D46DE8}") = "Demos", "Demos", "{59C7A10F-2DE5-46AC-BCC1-94FD094AE591}"
EndProject
Project("{FAE04EC0-301F-11D3-BF4B-00C04F79EFBC}") = "SuggestBoxTestLib", "Demos\SuggestBoxTestLib\SuggestBoxTestLib.csproj", "{F6A08289-52E8-45CD-928B-E71D7BCB6290}"
EndProject
Global
	GlobalSection(SolutionConfigurationPlatforms) = preSolution
		Debug|Any CPU = Debug|Any CPU
		Debug|x64 = Debug|x64
		Debug|x86 = Debug|x86
		Release|Any CPU = Release|Any CPU
		Release|x64 = Release|x64
		Release|x86 = Release|x86
	EndGlobalSection
	GlobalSection(ProjectConfigurationPlatforms) = postSolution
		{78BF82DC-38FD-41DC-A8CE-45C79F628103}.Debug|Any CPU.ActiveCfg = Debug|Any CPU
		{78BF82DC-38FD-41DC-A8CE-45C79F628103}.Debug|Any CPU.Build.0 = Debug|Any CPU
		{78BF82DC-38FD-41DC-A8CE-45C79F628103}.Debug|x64.ActiveCfg = Debug|Any CPU
		{78BF82DC-38FD-41DC-A8CE-45C79F628103}.Debug|x64.Build.0 = Debug|Any CPU
		{78BF82DC-38FD-41DC-A8CE-45C79F628103}.Debug|x86.ActiveCfg = Debug|Any CPU
		{78BF82DC-38FD-41DC-A8CE-45C79F628103}.Debug|x86.Build.0 = Debug|Any CPU
		{78BF82DC-38FD-41DC-A8CE-45C79F628103}.Release|Any CPU.ActiveCfg = Release|Any CPU
		{78BF82DC-38FD-41DC-A8CE-45C79F628103}.Release|Any CPU.Build.0 = Release|Any CPU
		{78BF82DC-38FD-41DC-A8CE-45C79F628103}.Release|x64.ActiveCfg = Release|Any CPU
		{78BF82DC-38FD-41DC-A8CE-45C79F628103}.Release|x64.Build.0 = Release|Any CPU
		{78BF82DC-38FD-41DC-A8CE-45C79F628103}.Release|x86.ActiveCfg = Release|Any CPU
		{78BF82DC-38FD-41DC-A8CE-45C79F628103}.Release|x86.Build.0 = Release|Any CPU
		{252126D1-E1D9-49C3-910B-FCF2266265EF}.Debug|Any CPU.ActiveCfg = Debug|Any CPU
		{252126D1-E1D9-49C3-910B-FCF2266265EF}.Debug|Any CPU.Build.0 = Debug|Any CPU
		{252126D1-E1D9-49C3-910B-FCF2266265EF}.Debug|x64.ActiveCfg = Debug|x64
		{252126D1-E1D9-49C3-910B-FCF2266265EF}.Debug|x64.Build.0 = Debug|x64
		{252126D1-E1D9-49C3-910B-FCF2266265EF}.Debug|x86.ActiveCfg = Debug|x86
		{252126D1-E1D9-49C3-910B-FCF2266265EF}.Debug|x86.Build.0 = Debug|x86
		{252126D1-E1D9-49C3-910B-FCF2266265EF}.Release|Any CPU.ActiveCfg = Release|Any CPU
		{252126D1-E1D9-49C3-910B-FCF2266265EF}.Release|Any CPU.Build.0 = Release|Any CPU
		{252126D1-E1D9-49C3-910B-FCF2266265EF}.Release|x64.ActiveCfg = Release|x64
		{252126D1-E1D9-49C3-910B-FCF2266265EF}.Release|x64.Build.0 = Release|x64
		{252126D1-E1D9-49C3-910B-FCF2266265EF}.Release|x86.ActiveCfg = Release|x86
		{252126D1-E1D9-49C3-910B-FCF2266265EF}.Release|x86.Build.0 = Release|x86
		{2807B493-CC2E-402E-901A-EB138698FEDC}.Debug|Any CPU.ActiveCfg = Debug|Any CPU
		{2807B493-CC2E-402E-901A-EB138698FEDC}.Debug|Any CPU.Build.0 = Debug|Any CPU
		{2807B493-CC2E-402E-901A-EB138698FEDC}.Debug|x64.ActiveCfg = Debug|x64
		{2807B493-CC2E-402E-901A-EB138698FEDC}.Debug|x64.Build.0 = Debug|x64
		{2807B493-CC2E-402E-901A-EB138698FEDC}.Debug|x86.ActiveCfg = Debug|x86
		{2807B493-CC2E-402E-901A-EB138698FEDC}.Debug|x86.Build.0 = Debug|x86
		{2807B493-CC2E-402E-901A-EB138698FEDC}.Release|Any CPU.ActiveCfg = Release|Any CPU
		{2807B493-CC2E-402E-901A-EB138698FEDC}.Release|Any CPU.Build.0 = Release|Any CPU
		{2807B493-CC2E-402E-901A-EB138698FEDC}.Release|x64.ActiveCfg = Release|x64
		{2807B493-CC2E-402E-901A-EB138698FEDC}.Release|x64.Build.0 = Release|x64
		{2807B493-CC2E-402E-901A-EB138698FEDC}.Release|x86.ActiveCfg = Release|x86
		{2807B493-CC2E-402E-901A-EB138698FEDC}.Release|x86.Build.0 = Release|x86
		{9B0BA841-5A2F-4ED3-A908-253DBCA70E77}.Debug|Any CPU.ActiveCfg = Debug|Any CPU
		{9B0BA841-5A2F-4ED3-A908-253DBCA70E77}.Debug|Any CPU.Build.0 = Debug|Any CPU
		{9B0BA841-5A2F-4ED3-A908-253DBCA70E77}.Debug|x64.ActiveCfg = Debug|x64
		{9B0BA841-5A2F-4ED3-A908-253DBCA70E77}.Debug|x64.Build.0 = Debug|x64
		{9B0BA841-5A2F-4ED3-A908-253DBCA70E77}.Debug|x86.ActiveCfg = Debug|x86
		{9B0BA841-5A2F-4ED3-A908-253DBCA70E77}.Debug|x86.Build.0 = Debug|x86
		{9B0BA841-5A2F-4ED3-A908-253DBCA70E77}.Release|Any CPU.ActiveCfg = Release|Any CPU
		{9B0BA841-5A2F-4ED3-A908-253DBCA70E77}.Release|Any CPU.Build.0 = Release|Any CPU
		{9B0BA841-5A2F-4ED3-A908-253DBCA70E77}.Release|x64.ActiveCfg = Release|x64
		{9B0BA841-5A2F-4ED3-A908-253DBCA70E77}.Release|x64.Build.0 = Release|x64
		{9B0BA841-5A2F-4ED3-A908-253DBCA70E77}.Release|x86.ActiveCfg = Release|x86
		{9B0BA841-5A2F-4ED3-A908-253DBCA70E77}.Release|x86.Build.0 = Release|x86
		{F6A08289-52E8-45CD-928B-E71D7BCB6290}.Debug|Any CPU.ActiveCfg = Debug|Any CPU
		{F6A08289-52E8-45CD-928B-E71D7BCB6290}.Debug|Any CPU.Build.0 = Debug|Any CPU
		{F6A08289-52E8-45CD-928B-E71D7BCB6290}.Debug|x64.ActiveCfg = Debug|Any CPU
		{F6A08289-52E8-45CD-928B-E71D7BCB6290}.Debug|x64.Build.0 = Debug|Any CPU
		{F6A08289-52E8-45CD-928B-E71D7BCB6290}.Debug|x86.ActiveCfg = Debug|Any CPU
		{F6A08289-52E8-45CD-928B-E71D7BCB6290}.Debug|x86.Build.0 = Debug|Any CPU
		{F6A08289-52E8-45CD-928B-E71D7BCB6290}.Release|Any CPU.ActiveCfg = Release|Any CPU
		{F6A08289-52E8-45CD-928B-E71D7BCB6290}.Release|Any CPU.Build.0 = Release|Any CPU
		{F6A08289-52E8-45CD-928B-E71D7BCB6290}.Release|x64.ActiveCfg = Release|Any CPU
		{F6A08289-52E8-45CD-928B-E71D7BCB6290}.Release|x64.Build.0 = Release|Any CPU
		{F6A08289-52E8-45CD-928B-E71D7BCB6290}.Release|x86.ActiveCfg = Release|Any CPU
		{F6A08289-52E8-45CD-928B-E71D7BCB6290}.Release|x86.Build.0 = Release|Any CPU
		{4F7C1E4D-48DA-4B48-A206-7E880BBE39D0}.Debug|Any CPU.ActiveCfg = Debug|Any CPU
		{4F7C1E4D-48DA-4B48-A206-7E880BBE39D0}.Debug|Any CPU.Build.0 = Debug|Any CPU
		{4F7C1E4D-48DA-4B48-A206-7E880BBE39D0}.Debug|x64.ActiveCfg = Debug|Any CPU
		{4F7C1E4D-48DA-4B48-A206-7E880BBE39D0}.Debug|x64.Build.0 = Debug|Any CPU
		{4F7C1E4D-48DA-4B48-A206-7E880BBE39D0}.Debug|x86.ActiveCfg = Debug|Any CPU
		{4F7C1E4D-48DA-4B48-A206-7E880BBE39D0}.Debug|x86.Build.0 = Debug|Any CPU
		{4F7C1E4D-48DA-4B48-A206-7E880BBE39D0}.Release|Any CPU.ActiveCfg = Release|Any CPU
		{4F7C1E4D-48DA-4B48-A206-7E880BBE39D0}.Release|Any CPU.Build.0 = Release|Any CPU
		{4F7C1E4D-48DA-4B48-A206-7E880BBE39D0}.Release|x64.ActiveCfg = Release|Any CPU
		{4F7C1E4D-48DA-4B48-A206-7E880BBE39D0}.Release|x64.Build.0 = Release|Any CPU
		{4F7C1E4D-48DA-4B48-A206-7E880BBE39D0}.Release|x86.ActiveCfg = Release|Any CPU
		{4F7C1E4D-48DA-4B48-A206-7E880BBE39D0}.Release|x86.Build.0 = Release|Any CPU
		{6D9EE64D-07A4-4C8A-B5F0-0D59DD525A52}.Debug|Any CPU.ActiveCfg = Debug|Any CPU
		{6D9EE64D-07A4-4C8A-B5F0-0D59DD525A52}.Debug|Any CPU.Build.0 = Debug|Any CPU
		{6D9EE64D-07A4-4C8A-B5F0-0D59DD525A52}.Debug|x64.ActiveCfg = Debug|Any CPU
		{6D9EE64D-07A4-4C8A-B5F0-0D59DD525A52}.Debug|x64.Build.0 = Debug|Any CPU
		{6D9EE64D-07A4-4C8A-B5F0-0D59DD525A52}.Debug|x86.ActiveCfg = Debug|Any CPU
		{6D9EE64D-07A4-4C8A-B5F0-0D59DD525A52}.Debug|x86.Build.0 = Debug|Any CPU
		{6D9EE64D-07A4-4C8A-B5F0-0D59DD525A52}.Release|Any CPU.ActiveCfg = Release|Any CPU
		{6D9EE64D-07A4-4C8A-B5F0-0D59DD525A52}.Release|Any CPU.Build.0 = Release|Any CPU
		{6D9EE64D-07A4-4C8A-B5F0-0D59DD525A52}.Release|x64.ActiveCfg = Release|Any CPU
		{6D9EE64D-07A4-4C8A-B5F0-0D59DD525A52}.Release|x64.Build.0 = Release|Any CPU
		{6D9EE64D-07A4-4C8A-B5F0-0D59DD525A52}.Release|x86.ActiveCfg = Release|Any CPU
		{6D9EE64D-07A4-4C8A-B5F0-0D59DD525A52}.Release|x86.Build.0 = Release|Any CPU
	EndGlobalSection
	GlobalSection(SolutionProperties) = preSolution
		HideSolutionNode = FALSE
	EndGlobalSection
	GlobalSection(NestedProjects) = preSolution
		{252126D1-E1D9-49C3-910B-FCF2266265EF} = {61C5D264-27A1-4B38-8B2B-C10B29CA69D9}
		{E3145A5C-462B-4503-8554-89F7E6DD1457} = {61C5D264-27A1-4B38-8B2B-C10B29CA69D9}
		{2807B493-CC2E-402E-901A-EB138698FEDC} = {E3145A5C-462B-4503-8554-89F7E6DD1457}
		{9B0BA841-5A2F-4ED3-A908-253DBCA70E77} = {E3145A5C-462B-4503-8554-89F7E6DD1457}
		{F6A08289-52E8-45CD-928B-E71D7BCB6290} = {59C7A10F-2DE5-46AC-BCC1-94FD094AE591}
		{4F7C1E4D-48DA-4B48-A206-7E880BBE39D0} = {59C7A10F-2DE5-46AC-BCC1-94FD094AE591}
		{6D9EE64D-07A4-4C8A-B5F0-0D59DD525A52} = {59C7A10F-2DE5-46AC-BCC1-94FD094AE591}
	EndGlobalSection
	GlobalSection(ExtensibilityGlobals) = postSolution
		SolutionGuid = {D13A6A7F-1932-4C89-ACDE-BBAEA01D8956}
	EndGlobalSection
EndGlobal
